
Microsoft Visual Studio Solution File, Format Version 12.00
# Visual Studio Version 17
VisualStudioVersion = 17.11.35219.272
MinimumVisualStudioVersion = 10.0.40219.1
Project("{FAE04EC0-301F-11D3-BF4B-00C04F79EFBC}") = "OlympicGames", "OlympicGames.csproj", "{72F55467-0069-4EC1-A37A-DF96AA912424}"
EndProject
Global
	GlobalSection(SolutionConfigurationPlatforms) = preSolution
		Debug|Any CPU = Debug|Any CPU
		Release|Any CPU = Release|Any CPU
	EndGlobalSection
	GlobalSection(ProjectConfigurationPlatforms) = postSolution
		{72F55467-0069-4EC1-A37A-DF96AA912424}.Debug|Any CPU.ActiveCfg = Debug|Any CPU
		{72F55467-0069-4EC1-A37A-DF96AA912424}.Debug|Any CPU.Build.0 = Debug|Any CPU
		{72F55467-0069-4EC1-A37A-DF96AA912424}.Release|Any CPU.ActiveCfg = Release|Any CPU
		{72F55467-0069-4EC1-A37A-DF96AA912424}.Release|Any CPU.Build.0 = Release|Any CPU
	EndGlobalSection
	GlobalSection(SolutionProperties) = preSolution
		HideSolutionNode = FALSE
	EndGlobalSection
	GlobalSection(ExtensibilityGlobals) = postSolution
		SolutionGuid = {AB329A75-4156-4B3B-87A4-B75321F3DC87}
	EndGlobalSection
EndGlobal
